
Microsoft Visual Studio Solution File, Format Version 12.00
# Visual Studio Version 17
VisualStudioVersion = 17.11.35327.3
MinimumVisualStudioVersion = 10.0.40219.1
Project("{FAE04EC0-301F-11D3-BF4B-00C04F79EFBC}") = "Atividade", "Atividade\Atividade.csproj", "{D04720DC-4728-44F2-8D50-7E95C6946B32}"
EndProject
Global
	GlobalSection(SolutionConfigurationPlatforms) = preSolution
		Debug|Any CPU = Debug|Any CPU
		Release|Any CPU = Release|Any CPU
	EndGlobalSection
	GlobalSection(ProjectConfigurationPlatforms) = postSolution
		{D04720DC-4728-44F2-8D50-7E95C6946B32}.Debug|Any CPU.ActiveCfg = Debug|Any CPU
		{D04720DC-4728-44F2-8D50-7E95C6946B32}.Debug|Any CPU.Build.0 = Debug|Any CPU
		{D04720DC-4728-44F2-8D50-7E95C6946B32}.Release|Any CPU.ActiveCfg = Release|Any CPU
		{D04720DC-4728-44F2-8D50-7E95C6946B32}.Release|Any CPU.Build.0 = Release|Any CPU
	EndGlobalSection
	GlobalSection(SolutionProperties) = preSolution
		HideSolutionNode = FALSE
	EndGlobalSection
	GlobalSection(ExtensibilityGlobals) = postSolution
		SolutionGuid = {CEB9B99D-6F68-4C85-879F-6D27795C86AC}
	EndGlobalSection
EndGlobal
